
Microsoft Visual Studio Solution File, Format Version 12.00
# Visual Studio Version 17
VisualStudioVersion = 17.7.34031.279
MinimumVisualStudioVersion = 10.0.40219.1
Project("{FAE04EC0-301F-11D3-BF4B-00C04F79EFBC}") = "Test", "Test\Test.csproj", "{4D6D8498-17A2-47AE-810E-95A86EB903AB}"
EndProject
Global
	GlobalSection(SolutionConfigurationPlatforms) = preSolution
		Debug|Any CPU = Debug|Any CPU
		Release|Any CPU = Release|Any CPU
	EndGlobalSection
	GlobalSection(ProjectConfigurationPlatforms) = postSolution
		{4D6D8498-17A2-47AE-810E-95A86EB903AB}.Debug|Any CPU.ActiveCfg = Debug|Any CPU
		{4D6D8498-17A2-47AE-810E-95A86EB903AB}.Debug|Any CPU.Build.0 = Debug|Any CPU
		{4D6D8498-17A2-47AE-810E-95A86EB903AB}.Release|Any CPU.ActiveCfg = Release|Any CPU
		{4D6D8498-17A2-47AE-810E-95A86EB903AB}.Release|Any CPU.Build.0 = Release|Any CPU
	EndGlobalSection
	GlobalSection(SolutionProperties) = preSolution
		HideSolutionNode = FALSE
	EndGlobalSection
	GlobalSection(ExtensibilityGlobals) = postSolution
		SolutionGuid = {1E85334C-DBD0-47D3-9CE2-D840BD940A6E}
	EndGlobalSection
EndGlobal
